PODS:
  - SkeletonView (1.30.4)
  - SnapKit (5.7.1)
  - SwiftSoup (2.7.2)

DEPENDENCIES:
  - SkeletonView
  - SnapKit
  - SwiftSoup

SPEC REPOS:
  trunk:
    - SkeletonView
    - SnapKit
    - SwiftSoup

SPEC CHECKSUMS:
  SkeletonView: 5a050f6411e697abd4cda0a8d767013399dccd69
  SnapKit: d612e99e678a2d3b95bf60b0705ed0a35c03484a
  SwiftSoup: 4164c6bd8af69acd119c23fb36906975a60d71bb

PODFILE CHECKSUM: d541701bf185a7ab8db686b9a856206eb87e3774

COCOAPODS: 1.15.2
